<?xml version="1.0" encoding="UTF-8"?>
<CONFIG>
  <ProjectOptions>
    <Version Value="12"/>
    <General>
      <Flags>
        <MainUnitHasCreateFormStatements Value="False"/>
        <MainUnitHasTitleStatement Value="False"/>
        <MainUnitHasScaledStatement Value="False"/>
      </Flags>
      <SessionStorage Value="InProjectDir"/>
      <Title Value="testfpimage"/>
      <UseAppBundle Value="False"/>
      <ResourceType Value="res"/>
    </General>
    <BuildModes>
      <Item Name="Default" Default="True"/>
    </BuildModes>
    <PublishOptions>
      <Version Value="2"/>
      <UseFileFilters Value="True"/>
    </PublishOptions>
    <RunParams>
      <FormatVersion Value="2"/>
    </RunParams>
    <RequiredPackages>
      <Item>
        <PackageName Value="FCL"/>
      </Item>
    </RequiredPackages>
    <Units>
      <Unit>
        <Filename Value="testfpimage.lpr"/>
        <IsPartOfProject Value="True"/>
      </Unit>
      <Unit>
        <Filename Value="fpimgtests.pp"/>
        <IsPartOfProject Value="True"/>
      </Unit>
      <Unit>
        <Filename Value="tccolor.pp"/>
        <IsPartOfProject Value="True"/>
      </Unit>
      <Unit>
        <Filename Value="tcpalette.pp"/>
        <IsPartOfProject Value="True"/>
      </Unit>
      <Unit>
        <Filename Value="tcmemimage.pp"/>
        <IsPartOfProject Value="True"/>
      </Unit>
      <Unit>
        <Filename Value="tccompactimg.pp"/>
        <IsPartOfProject Value="True"/>
      </Unit>
      <Unit>
        <Filename Value="tchandlers.pp"/>
        <IsPartOfProject Value="True"/>
      </Unit>
      <Unit>
        <Filename Value="tcbmp.pp"/>
        <IsPartOfProject Value="True"/>
      </Unit>
      <Unit>
        <Filename Value="tcpng.pp"/>
        <IsPartOfProject Value="True"/>
      </Unit>
      <Unit>
        <Filename Value="tctga.pp"/>
        <IsPartOfProject Value="True"/>
      </Unit>
      <Unit>
        <Filename Value="tcpcx.pp"/>
        <IsPartOfProject Value="True"/>
      </Unit>
      <Unit>
        <Filename Value="tcpnm.pp"/>
        <IsPartOfProject Value="True"/>
      </Unit>
      <Unit>
        <Filename Value="tcxpm.pp"/>
        <IsPartOfProject Value="True"/>
      </Unit>
      <Unit>
        <Filename Value="tcqoi.pp"/>
        <IsPartOfProject Value="True"/>
      </Unit>
      <Unit>
        <Filename Value="tcjpeg.pp"/>
        <IsPartOfProject Value="True"/>
      </Unit>
      <Unit>
        <Filename Value="tctiff.pp"/>
        <IsPartOfProject Value="True"/>
      </Unit>
      <Unit>
        <Filename Value="tcpsd.pp"/>
        <IsPartOfProject Value="True"/>
      </Unit>
      <Unit>
        <Filename Value="tcxwd.pp"/>
        <IsPartOfProject Value="True"/>
      </Unit>
      <Unit>
        <Filename Value="tccanvas.pp"/>
        <IsPartOfProject Value="True"/>
      </Unit>
      <Unit>
        <Filename Value="tcpscanvas.pp"/>
        <IsPartOfProject Value="True"/>
      </Unit>
      <Unit>
        <Filename Value="tcinterp.pp"/>
        <IsPartOfProject Value="True"/>
      </Unit>
      <Unit>
        <Filename Value="tcgauss.pp"/>
        <IsPartOfProject Value="True"/>
      </Unit>
      <Unit>
        <Filename Value="tcquantize.pp"/>
        <IsPartOfProject Value="True"/>
      </Unit>
      <Unit>
        <Filename Value="tccolorspace.pp"/>
        <IsPartOfProject Value="True"/>
      </Unit>
      <Unit>
        <Filename Value="tcmisc.pp"/>
        <IsPartOfProject Value="True"/>
      </Unit>
      <Unit>
        <Filename Value="tcqrcode.pp"/>
        <IsPartOfProject Value="True"/>
      </Unit>
      <Unit>
        <Filename Value="tcbarcodedraw.pp"/>
        <IsPartOfProject Value="True"/>
      </Unit>
      <Unit>
        <Filename Value="tcftfont.pp"/>
        <IsPartOfProject Value="True"/>
      </Unit>
      <Unit>
        <Filename Value="tcbarcodes.pas"/>
        <IsPartOfProject Value="True"/>
      </Unit>
      <Unit>
        <Filename Value="tcgifwrite.pp"/>
        <IsPartOfProject Value="True"/>
      </Unit>
      <Unit>
        <Filename Value="tcgifread.pp"/>
        <IsPartOfProject Value="True"/>
      </Unit>
    </Units>
  </ProjectOptions>
  <CompilerOptions>
    <Version Value="11"/>
    <Target>
      <Filename Value="testfpimage"/>
    </Target>
    <SearchPaths>
      <IncludeFiles Value="$(ProjOutDir)"/>
      <OtherUnitFiles Value="../src"/>
      <UnitOutputDirectory Value="lib/$(TargetCPU)-$(TargetOS)"/>
    </SearchPaths>
    <CodeGeneration>
      <Checks>
        <IOChecks Value="True"/>
        <RangeChecks Value="True"/>
        <OverflowChecks Value="True"/>
        <StackChecks Value="True"/>
      </Checks>
    </CodeGeneration>
    <Linking>
      <Debugging>
        <DebugInfoType Value="dsDwarf3"/>
        <UseHeaptrc Value="True"/>
      </Debugging>
    </Linking>
  </CompilerOptions>
  <Debugging>
    <Exceptions>
      <Item>
        <Name Value="EAbort"/>
      </Item>
      <Item>
        <Name Value="ECodetoolError"/>
      </Item>
      <Item>
        <Name Value="EFOpenError"/>
      </Item>
    </Exceptions>
  </Debugging>
</CONFIG>
