<?xml version="1.0"?>
<CONFIG>
  <ProjectOptions>
    <Version Value="7"/>
    <General>
      <MainUnit Value="0"/>
      <TargetFileExt Value=""/>
      <Icon Value="0"/>
      <UseXPManifest Value="True"/>
      <ActiveEditorIndexAtStart Value="1"/>
    </General>
    <VersionInfo>
      <ProjectVersion Value=""/>
      <Language Value=""/>
      <CharSet Value=""/>
    </VersionInfo>
    <PublishOptions>
      <Version Value="2"/>
      <IgnoreBinaries Value="False"/>
      <IncludeFileFilter Value="*.(pas|pp|inc|lfm|lpr|lrs|lpi|lpk|sh|xml)"/>
      <ExcludeFileFilter Value="*.(bak|ppu|ppw|o|so);*~;backup"/>
    </PublishOptions>
    <RunParams>
      <local>
        <FormatVersion Value="1"/>
        <CommandLineParams Value="-a --format=plain"/>
        <LaunchingApplication PathPlusParams="/usr/X11R6/bin/xterm -T 'Lazarus Run Output' -e $(LazarusDir)/tools/runwait.sh $(TargetCmdLine)"/>
      </local>
    </RunParams>
    <RequiredPackages Count="2">
      <Item1>
        <PackageName Value="FPCUnitConsoleRunner"/>
      </Item1>
      <Item2>
        <PackageName Value="FCL"/>
      </Item2>
    </RequiredPackages>
    <Units Count="7">
      <Unit0>
        <Filename Value="testjs.lpr"/>
        <IsPartOfProject Value="True"/>
        <UnitName Value="testjs"/>
        <CursorPos X="11" Y="7"/>
        <TopLine Value="1"/>
        <EditorIndex Value="0"/>
        <UsageCount Value="201"/>
        <Loaded Value="True"/>
      </Unit0>
      <Unit1>
        <Filename Value="tcscanner.pp"/>
        <IsPartOfProject Value="True"/>
        <UnitName Value="tcscanner"/>
        <CursorPos X="27" Y="427"/>
        <TopLine Value="416"/>
        <EditorIndex Value="2"/>
        <UsageCount Value="201"/>
        <Loaded Value="True"/>
      </Unit1>
      <Unit2>
        <Filename Value="../src/jsbase.pp"/>
        <IsPartOfProject Value="True"/>
        <UnitName Value="jsbase"/>
        <CursorPos X="1" Y="153"/>
        <TopLine Value="132"/>
        <EditorIndex Value="1"/>
        <UsageCount Value="196"/>
        <Loaded Value="True"/>
      </Unit2>
      <Unit3>
        <Filename Value="../src/jsparser.pp"/>
        <IsPartOfProject Value="True"/>
        <UnitName Value="jsparser"/>
        <CursorPos X="1" Y="1"/>
        <TopLine Value="1"/>
        <UsageCount Value="201"/>
      </Unit3>
      <Unit4>
        <Filename Value="../src/jsscanner.pp"/>
        <IsPartOfProject Value="True"/>
        <UnitName Value="JSScanner"/>
        <CursorPos X="1" Y="1"/>
        <TopLine Value="1"/>
        <UsageCount Value="201"/>
      </Unit4>
      <Unit5>
        <Filename Value="../src/jstree.pp"/>
        <IsPartOfProject Value="True"/>
        <UnitName Value="jstree"/>
        <CursorPos X="1" Y="1"/>
        <TopLine Value="1"/>
        <UsageCount Value="200"/>
      </Unit5>
      <Unit6>
        <Filename Value="tcparser.pp"/>
        <IsPartOfProject Value="True"/>
        <UnitName Value="tcparser"/>
        <CursorPos X="3" Y="2059"/>
        <TopLine Value="2051"/>
        <EditorIndex Value="4"/>
        <UsageCount Value="97"/>
        <Loaded Value="True"/>
      </Unit6>
    </Units>
    <JumpHistory Count="30" HistoryIndex="29">
      <Position1>
        <Filename Value="tcparser.pp"/>
        <Caret Line="1752" Column="1" TopLine="1730"/>
      </Position1>
      <Position2>
        <Filename Value="tcparser.pp"/>
        <Caret Line="1767" Column="32" TopLine="1733"/>
      </Position2>
      <Position3>
        <Filename Value="tcparser.pp"/>
        <Caret Line="1790" Column="30" TopLine="1766"/>
      </Position3>
      <Position4>
        <Filename Value="tcparser.pp"/>
        <Caret Line="1763" Column="26" TopLine="1736"/>
      </Position4>
      <Position5>
        <Filename Value="tcparser.pp"/>
        <Caret Line="1791" Column="1" TopLine="1758"/>
      </Position5>
      <Position6>
        <Filename Value="tcparser.pp"/>
        <Caret Line="114" Column="30" TopLine="93"/>
      </Position6>
      <Position7>
        <Filename Value="tcparser.pp"/>
        <Caret Line="1806" Column="23" TopLine="1798"/>
      </Position7>
      <Position8>
        <Filename Value="tcparser.pp"/>
        <Caret Line="1828" Column="3" TopLine="1819"/>
      </Position8>
      <Position9>
        <Filename Value="../../../../source/fcl-js/jsparser.pp"/>
        <Caret Line="515" Column="28" TopLine="507"/>
      </Position9>
      <Position10>
        <Filename Value="tcparser.pp"/>
        <Caret Line="1824" Column="24" TopLine="1803"/>
      </Position10>
      <Position11>
        <Filename Value="tcparser.pp"/>
        <Caret Line="1828" Column="17" TopLine="1803"/>
      </Position11>
      <Position12>
        <Filename Value="tcparser.pp"/>
        <Caret Line="1849" Column="34" TopLine="1820"/>
      </Position12>
      <Position13>
        <Filename Value="tcparser.pp"/>
        <Caret Line="118" Column="27" TopLine="96"/>
      </Position13>
      <Position14>
        <Filename Value="tcparser.pp"/>
        <Caret Line="1900" Column="29" TopLine="1888"/>
      </Position14>
      <Position15>
        <Filename Value="tcparser.pp"/>
        <Caret Line="1898" Column="12" TopLine="1877"/>
      </Position15>
      <Position16>
        <Filename Value="tcparser.pp"/>
        <Caret Line="1904" Column="80" TopLine="1883"/>
      </Position16>
      <Position17>
        <Filename Value="tcparser.pp"/>
        <Caret Line="1914" Column="29" TopLine="1883"/>
      </Position17>
      <Position18>
        <Filename Value="tcparser.pp"/>
        <Caret Line="1948" Column="18" TopLine="1914"/>
      </Position18>
      <Position19>
        <Filename Value="tcparser.pp"/>
        <Caret Line="20" Column="1" TopLine="1"/>
      </Position19>
      <Position20>
        <Filename Value="tcparser.pp"/>
        <Caret Line="2165" Column="1" TopLine="2124"/>
      </Position20>
      <Position21>
        <Filename Value="tcparser.pp"/>
        <Caret Line="121" Column="27" TopLine="99"/>
      </Position21>
      <Position22>
        <Filename Value="tcparser.pp"/>
        <Caret Line="1969" Column="3" TopLine="1960"/>
      </Position22>
      <Position23>
        <Filename Value="tcparser.pp"/>
        <Caret Line="1971" Column="46" TopLine="1950"/>
      </Position23>
      <Position24>
        <Filename Value="tcparser.pp"/>
        <Caret Line="1986" Column="14" TopLine="1961"/>
      </Position24>
      <Position25>
        <Filename Value="tcparser.pp"/>
        <Caret Line="1993" Column="33" TopLine="1960"/>
      </Position25>
      <Position26>
        <Filename Value="../../../../source/fcl-js/jsparser.pp"/>
        <Caret Line="1702" Column="24" TopLine="1685"/>
      </Position26>
      <Position27>
        <Filename Value="tcparser.pp"/>
        <Caret Line="124" Column="25" TopLine="100"/>
      </Position27>
      <Position28>
        <Filename Value="tcparser.pp"/>
        <Caret Line="2038" Column="10" TopLine="2035"/>
      </Position28>
      <Position29>
        <Filename Value="tcparser.pp"/>
        <Caret Line="2075" Column="56" TopLine="2051"/>
      </Position29>
      <Position30>
        <Filename Value="../../../../source/fcl-js/jsparser.pp"/>
        <Caret Line="1747" Column="29" TopLine="1740"/>
      </Position30>
    </JumpHistory>
  </ProjectOptions>
  <CompilerOptions>
    <Version Value="8"/>
    <SearchPaths>
      <IncludeFiles Value="$(ProjOutDir)/"/>
      <OtherUnitFiles Value="/home/michael/source/fcl-js/;../"/>
    </SearchPaths>
    <CodeGeneration>
      <Optimizations>
        <OptimizationLevel Value="0"/>
      </Optimizations>
    </CodeGeneration>
    <Other>
      <CompilerPath Value="$(CompPath)"/>
    </Other>
  </CompilerOptions>
  <Debugging>
    <BreakPoints Count="1">
      <Item1>
        <Source Value="../jsscanner.pp"/>
        <Line Value="717"/>
      </Item1>
    </BreakPoints>
    <Exceptions Count="3">
      <Item1>
        <Name Value="EAbort"/>
      </Item1>
      <Item2>
        <Name Value="ECodetoolError"/>
      </Item2>
      <Item3>
        <Name Value="EFOpenError"/>
      </Item3>
    </Exceptions>
  </Debugging>
</CONFIG>
