<?xml version="1.0" encoding="UTF-8"?>
<CONFIG>
  <ProjectOptions>
    <Version Value="11"/>
    <General>
      <Flags>
        <MainUnitHasUsesSectionForAllUnits Value="False"/>
        <MainUnitHasCreateFormStatements Value="False"/>
        <MainUnitHasTitleStatement Value="False"/>
      </Flags>
      <SessionStorage Value="InProjectDir"/>
      <MainUnit Value="0"/>
      <Title Value="pas2js"/>
      <UseAppBundle Value="False"/>
      <ResourceType Value="res"/>
    </General>
    <BuildModes Count="1">
      <Item1 Name="Default" Default="True"/>
    </BuildModes>
    <PublishOptions>
      <Version Value="2"/>
    </PublishOptions>
    <RunParams>
      <FormatVersion Value="2"/>
      <Modes Count="1">
        <Mode0 Name="default"/>
      </Modes>
    </RunParams>
    <Units Count="9">
      <Unit0>
        <Filename Value="pas2js.pp"/>
        <IsPartOfProject Value="True"/>
      </Unit0>
      <Unit1>
        <Filename Value="pas2jscompiler.pp"/>
        <IsPartOfProject Value="True"/>
        <UnitName Value="Pas2jsCompiler"/>
      </Unit1>
      <Unit2>
        <Filename Value="pas2jslogger.pp"/>
        <IsPartOfProject Value="True"/>
        <UnitName Value="Pas2jsLogger"/>
      </Unit2>
      <Unit3>
        <Filename Value="pas2jsfileutils.pp"/>
        <IsPartOfProject Value="True"/>
        <UnitName Value="Pas2jsFileUtils"/>
      </Unit3>
      <Unit4>
        <Filename Value="pas2jsfilecache.pp"/>
        <IsPartOfProject Value="True"/>
        <UnitName Value="Pas2jsFileCache"/>
      </Unit4>
      <Unit5>
        <Filename Value="pas2jspparser.pp"/>
        <IsPartOfProject Value="True"/>
        <UnitName Value="Pas2jsPParser"/>
      </Unit5>
      <Unit6>
        <Filename Value="pas2js_defines.inc"/>
        <IsPartOfProject Value="True"/>
      </Unit6>
      <Unit7>
        <Filename Value="pas2jsfileutilsunix.inc"/>
        <IsPartOfProject Value="True"/>
      </Unit7>
      <Unit8>
        <Filename Value="pas2jsfileutilswin.inc"/>
        <IsPartOfProject Value="True"/>
      </Unit8>
    </Units>
  </ProjectOptions>
  <CompilerOptions>
    <Version Value="11"/>
    <Target>
      <Filename Value="pas2js"/>
    </Target>
    <SearchPaths>
      <IncludeFiles Value="$(ProjOutDir)"/>
      <UnitOutputDirectory Value="lib/$(TargetCPU)-$(TargetOS)"/>
    </SearchPaths>
    <Parsing>
      <SyntaxOptions>
        <AllowLabel Value="False"/>
      </SyntaxOptions>
    </Parsing>
  </CompilerOptions>
  <Debugging>
    <Exceptions Count="3">
      <Item1>
        <Name Value="EAbort"/>
      </Item1>
      <Item2>
        <Name Value="ECodetoolError"/>
      </Item2>
      <Item3>
        <Name Value="EFOpenError"/>
      </Item3>
    </Exceptions>
  </Debugging>
</CONFIG>
