<?xml version="1.0" encoding="UTF-8"?>
<CONFIG>
  <ProjectOptions>
    <Version Value="9"/>
    <General>
      <Flags>
        <SaveOnlyProjectUnits Value="True"/>
        <MainUnitHasUsesSectionForAllUnits Value="False"/>
        <MainUnitHasCreateFormStatements Value="False"/>
        <MainUnitHasTitleStatement Value="False"/>
        <LRSInOutputDirectory Value="False"/>
      </Flags>
      <SessionStorage Value="InProjectDir"/>
      <MainUnit Value="0"/>
    </General>
    <VersionInfo>
      <StringTable ProductVersion=""/>
    </VersionInfo>
    <BuildModes Count="1">
      <Item1 Name="default" Default="True"/>
    </BuildModes>
    <PublishOptions>
      <Version Value="2"/>
      <IgnoreBinaries Value="False"/>
      <IncludeFileFilter Value="*.(pas|pp|inc|lfm|lpr|lrs|lpi|lpk|sh|xml)"/>
      <ExcludeFileFilter Value="*.(bak|ppu|ppw|o|so);*~;backup"/>
    </PublishOptions>
    <RunParams>
      <local>
        <FormatVersion Value="1"/>
        <CommandLineParams Value="--output=rtlclasses.xml --kind=class --format=xml --input='-Sd -dfpdocsystem -dHASGETHEAPSTATUS -dSUPPORT_DOUBLE /home/michael/rtl/linux/system.pp -Fi/home/michael/rtl/linux -Fi/home/michael//rtl/unix -Fi/home/michael/rtl/inc -Fi/home/michael/rtl/i386 -dCPU32 -dHASVARIANT -dFPC_HAS_TYPE_EXTENDED -dHASWIDECHAR&quot; --input=&quot;-Sd -dHASINTF /home/michael/rtl/objpas/objpas.pp&quot; --input=&quot;-Sd /home/michael/rtl/unix/sysutils.pp -Fi/home/michael/rtl/objpas/sysutils -Fi/home/michael//rtl/inc  /home/michael/rtl/unix/classes.pp -Fi/home/michael/rtl/objpas/classes  -dfpdocsystem&quot;"/>
        <LaunchingApplication PathPlusParams="/usr/X11R6/bin/xterm -T 'Lazarus Run Output' -e $(LazarusDir)/tools/runwait.sh $(TargetCmdLine)"/>
      </local>
    </RunParams>
    <Units Count="3">
      <Unit0>
        <Filename Value="fpclasschart.pp"/>
        <IsPartOfProject Value="True"/>
      </Unit0>
      <Unit1>
        <Filename Value="dglobals.pp"/>
        <IsPartOfProject Value="True"/>
        <UnitName Value="dGlobals"/>
      </Unit1>
      <Unit2>
        <Filename Value="fpdocclasstree.pp"/>
        <IsPartOfProject Value="True"/>
      </Unit2>
    </Units>
  </ProjectOptions>
  <CompilerOptions>
    <Version Value="11"/>
    <Parsing>
      <SyntaxOptions>
        <UseAnsiStrings Value="False"/>
      </SyntaxOptions>
    </Parsing>
  </CompilerOptions>
</CONFIG>
