<?xml version="1.0"?>
<CONFIG>
  <ProjectOptions>
    <Version Value="4"/>
    <General>
      <ProjectType Value="Custom program"/>
      <Flags>
        <MainUnitIsPascalSource Value="False"/>
        <MainUnitHasUsesSectionForAllUnits Value="False"/>
      </Flags>
      <MainUnit Value="0"/>
      <ActiveEditorIndexAtStart Value="16"/>
      <IconPath Value="./"/>
      <TargetFileExt Value=""/>
      <Title Value="pp"/>
    </General>
    <JumpHistory Count="30" HistoryIndex="29">
      <Position1>
        <Filename Value="systems/t_linux.pas"/>
        <Caret Line="467" Column="41" TopLine="453"/>
      </Position1>
      <Position2>
        <Filename Value="systems/t_linux.pas"/>
        <Caret Line="19" Column="24" TopLine="5"/>
      </Position2>
      <Position3>
        <Filename Value="systems/t_linux.pas"/>
        <Caret Line="435" Column="19" TopLine="429"/>
      </Position3>
      <Position4>
        <Filename Value="systems/t_linux.pas"/>
        <Caret Line="506" Column="40" TopLine="492"/>
      </Position4>
      <Position5>
        <Filename Value="systems/t_bsd.pas"/>
        <Caret Line="1" Column="1" TopLine="1"/>
      </Position5>
      <Position6>
        <Filename Value="systems/t_bsd.pas"/>
        <Caret Line="531" Column="39" TopLine="516"/>
      </Position6>
      <Position7>
        <Filename Value="systems/t_bsd.pas"/>
        <Caret Line="494" Column="15" TopLine="480"/>
      </Position7>
      <Position8>
        <Filename Value="systems/t_bsd.pas"/>
        <Caret Line="562" Column="39" TopLine="548"/>
      </Position8>
      <Position9>
        <Filename Value="systems/t_sunos.pas"/>
        <Caret Line="445" Column="9" TopLine="443"/>
      </Position9>
      <Position10>
        <Filename Value="systems/t_sunos.pas"/>
        <Caret Line="425" Column="40" TopLine="410"/>
      </Position10>
      <Position11>
        <Filename Value="systems/t_sunos.pas"/>
        <Caret Line="400" Column="20" TopLine="386"/>
      </Position11>
      <Position12>
        <Filename Value="systems/t_sunos.pas"/>
        <Caret Line="457" Column="40" TopLine="443"/>
      </Position12>
      <Position13>
        <Filename Value="systems/t_emx.pas"/>
        <Caret Line="45" Column="19" TopLine="40"/>
      </Position13>
      <Position14>
        <Filename Value="systems/t_emx.pas"/>
        <Caret Line="474" Column="41" TopLine="459"/>
      </Position14>
      <Position15>
        <Filename Value="systems/t_os2.pas"/>
        <Caret Line="41" Column="1" TopLine="41"/>
      </Position15>
      <Position16>
        <Filename Value="systems/t_os2.pas"/>
        <Caret Line="474" Column="42" TopLine="459"/>
      </Position16>
      <Position17>
        <Filename Value="systems/t_win32.pas"/>
        <Caret Line="1560" Column="31" TopLine="1547"/>
      </Position17>
      <Position18>
        <Filename Value="systems/t_win32.pas"/>
        <Caret Line="1056" Column="46" TopLine="1041"/>
      </Position18>
      <Position19>
        <Filename Value="systems/t_win32.pas"/>
        <Caret Line="1017" Column="19" TopLine="1004"/>
      </Position19>
      <Position20>
        <Filename Value="systems/t_win32.pas"/>
        <Caret Line="1140" Column="42" TopLine="1126"/>
      </Position20>
      <Position21>
        <Filename Value="systems/t_nwm.pas"/>
        <Caret Line="538" Column="43" TopLine="1"/>
      </Position21>
      <Position22>
        <Filename Value="systems/t_nwm.pas"/>
        <Caret Line="529" Column="42" TopLine="514"/>
      </Position22>
      <Position23>
        <Filename Value="systems/t_nwl.pas"/>
        <Caret Line="1" Column="1" TopLine="1"/>
      </Position23>
      <Position24>
        <Filename Value="systems/t_nwl.pas"/>
        <Caret Line="598" Column="40" TopLine="583"/>
      </Position24>
      <Position25>
        <Filename Value="systems/t_go32v2.pas"/>
        <Caret Line="232" Column="41" TopLine="217"/>
      </Position25>
      <Position26>
        <Filename Value="systems/t_beos.pas"/>
        <Caret Line="198" Column="28" TopLine="184"/>
      </Position26>
      <Position27>
        <Filename Value="systems/t_beos.pas"/>
        <Caret Line="417" Column="41" TopLine="402"/>
      </Position27>
      <Position28>
        <Filename Value="systems/t_beos.pas"/>
        <Caret Line="386" Column="20" TopLine="372"/>
      </Position28>
      <Position29>
        <Filename Value="systems/t_beos.pas"/>
        <Caret Line="469" Column="41" TopLine="455"/>
      </Position29>
      <Position30>
        <Filename Value="systems/t_watcom.pas"/>
        <Caret Line="153" Column="40" TopLine="138"/>
      </Position30>
    </JumpHistory>
    <Units Count="53">
      <Unit0>
        <CursorPos X="24" Y="33"/>
        <EditorIndex Value="0"/>
        <Filename Value="pp.pas"/>
        <IsPartOfProject Value="True"/>
        <Loaded Value="True"/>
        <TopLine Value="17"/>
        <UnitName Value="pp"/>
        <UsageCount Value="226"/>
      </Unit0>
      <Unit1>
        <CursorPos X="1" Y="82"/>
        <Filename Value="fpcdefs.inc"/>
        <TopLine Value="63"/>
        <UsageCount Value="2"/>
      </Unit1>
      <Unit2>
        <CursorPos X="8" Y="322"/>
        <Filename Value="paramgr.pas"/>
        <TopLine Value="304"/>
        <UnitName Value="paramgr"/>
        <UsageCount Value="7"/>
      </Unit2>
      <Unit3>
        <CursorPos X="18" Y="38"/>
        <EditorIndex Value="17"/>
        <Filename Value="cutils.pas"/>
        <Loaded Value="True"/>
        <TopLine Value="24"/>
        <UnitName Value="cutils"/>
        <UsageCount Value="25"/>
      </Unit3>
      <Unit4>
        <CursorPos X="46" Y="217"/>
        <Filename Value="fppu.pas"/>
        <TopLine Value="203"/>
        <UnitName Value="fppu"/>
        <UsageCount Value="3"/>
      </Unit4>
      <Unit5>
        <CursorPos X="11" Y="365"/>
        <EditorIndex Value="18"/>
        <Filename Value="comphook.pas"/>
        <Loaded Value="True"/>
        <TopLine Value="350"/>
        <UnitName Value="comphook"/>
        <UsageCount Value="10"/>
      </Unit5>
      <Unit6>
        <CursorPos X="2" Y="40"/>
        <Filename Value="cg64f32.pas"/>
        <TopLine Value="25"/>
        <UnitName Value="cg64f32"/>
        <UsageCount Value="3"/>
      </Unit6>
      <Unit7>
        <CursorPos X="15" Y="379"/>
        <Filename Value="ncgcal.pas"/>
        <TopLine Value="363"/>
        <UnitName Value="ncgcal"/>
        <UsageCount Value="12"/>
      </Unit7>
      <Unit8>
        <CursorPos X="2" Y="930"/>
        <Filename Value="cgobj.pas"/>
        <TopLine Value="913"/>
        <UnitName Value="cgobj"/>
        <UsageCount Value="15"/>
      </Unit8>
      <Unit9>
        <CursorPos X="20" Y="490"/>
        <EditorIndex Value="6"/>
        <Filename Value="systems/t_linux.pas"/>
        <Loaded Value="True"/>
        <TopLine Value="476"/>
        <UnitName Value="t_linux"/>
        <UsageCount Value="10"/>
      </Unit9>
      <Unit10>
        <CursorPos X="1" Y="473"/>
        <Filename Value="sparc/cgcpu.pas"/>
        <TopLine Value="458"/>
        <UsageCount Value="10"/>
      </Unit10>
      <Unit11>
        <CursorPos X="25" Y="388"/>
        <Filename Value="compiler.pas"/>
        <TopLine Value="412"/>
        <UnitName Value="compiler"/>
        <UsageCount Value="7"/>
      </Unit11>
      <Unit12>
        <CursorPos X="40" Y="65"/>
        <Filename Value="sparc/cpubase.pas"/>
        <TopLine Value="54"/>
        <UsageCount Value="1"/>
      </Unit12>
      <Unit13>
        <CursorPos X="11" Y="23"/>
        <Filename Value="sparc/cpuinfo.pas"/>
        <TopLine Value="8"/>
        <UnitName Value="cpuinfo"/>
        <UsageCount Value="10"/>
      </Unit13>
      <Unit14>
        <CursorPos X="34" Y="87"/>
        <Filename Value="verbose.pas"/>
        <TopLine Value="87"/>
        <UnitName Value="verbose"/>
        <UsageCount Value="2"/>
      </Unit14>
      <Unit15>
        <CursorPos X="1" Y="148"/>
        <Filename Value="pass_2.pas"/>
        <TopLine Value="133"/>
        <UnitName Value="pass_2"/>
        <UsageCount Value="2"/>
      </Unit15>
      <Unit16>
        <CursorPos X="74" Y="306"/>
        <EditorIndex Value="2"/>
        <Filename Value="globals.pas"/>
        <Loaded Value="True"/>
        <TopLine Value="292"/>
        <UnitName Value="globals"/>
        <UsageCount Value="64"/>
      </Unit16>
      <Unit17>
        <CursorPos X="30" Y="1960"/>
        <Filename Value="options.pas"/>
        <TopLine Value="1945"/>
        <UnitName Value="options"/>
        <UsageCount Value="6"/>
      </Unit17>
      <Unit18>
        <CursorPos X="58" Y="629"/>
        <EditorIndex Value="1"/>
        <Filename Value="assemble.pas"/>
        <Loaded Value="True"/>
        <TopLine Value="604"/>
        <UnitName Value="assemble"/>
        <UsageCount Value="59"/>
      </Unit18>
      <Unit19>
        <CursorPos X="19" Y="920"/>
        <EditorIndex Value="19"/>
        <Filename Value="aggas.pas"/>
        <Loaded Value="True"/>
        <TopLine Value="902"/>
        <UnitName Value="aggas"/>
        <UsageCount Value="55"/>
      </Unit19>
      <Unit20>
        <CursorPos X="9" Y="1857"/>
        <Filename Value="browcol.pas"/>
        <TopLine Value="1842"/>
        <UnitName Value="browcol"/>
        <UsageCount Value="2"/>
      </Unit20>
      <Unit21>
        <CursorPos X="1" Y="1"/>
        <Filename Value="parser.pas"/>
        <TopLine Value="1"/>
        <UnitName Value="parser"/>
        <UsageCount Value="10"/>
      </Unit21>
      <Unit22>
        <CursorPos X="16" Y="178"/>
        <EditorIndex Value="4"/>
        <Filename Value="fmodule.pas"/>
        <Loaded Value="True"/>
        <TopLine Value="169"/>
        <UnitName Value="fmodule"/>
        <UsageCount Value="10"/>
      </Unit22>
      <Unit23>
        <CursorPos X="33" Y="1038"/>
        <Filename Value="scanner.pas"/>
        <TopLine Value="1024"/>
        <UnitName Value="scanner"/>
        <UsageCount Value="26"/>
      </Unit23>
      <Unit24>
        <CursorPos X="8" Y="36"/>
        <Filename Value="globtype.pas"/>
        <TopLine Value="22"/>
        <UnitName Value="globtype"/>
        <UsageCount Value="54"/>
      </Unit24>
      <Unit25>
        <CursorPos X="11" Y="227"/>
        <Filename Value="/home/neifer/FPC/Demo/src/fpc/rtl/unix/unix.pp"/>
        <TopLine Value="213"/>
        <UnitName Value="Unix"/>
        <UsageCount Value="10"/>
      </Unit25>
      <Unit26>
        <CursorPos X="37" Y="37"/>
        <Filename Value="/home/neifer/FPC/Demo/src/fpc/rtl/inc/systemh.inc"/>
        <TopLine Value="1"/>
        <UsageCount Value="1"/>
      </Unit26>
      <Unit27>
        <CursorPos X="12" Y="167"/>
        <EditorIndex Value="3"/>
        <Filename Value="finput.pas"/>
        <Loaded Value="True"/>
        <TopLine Value="161"/>
        <UnitName Value="finput"/>
        <UsageCount Value="10"/>
      </Unit27>
      <Unit28>
        <CursorPos X="10" Y="1260"/>
        <Filename Value="cclasses.pas"/>
        <TopLine Value="1287"/>
        <UnitName Value="cclasses"/>
        <UsageCount Value="21"/>
      </Unit28>
      <Unit29>
        <CursorPos X="20" Y="313"/>
        <Filename Value="cstreams.pas"/>
        <TopLine Value="298"/>
        <UnitName Value="cstreams"/>
        <UsageCount Value="1"/>
      </Unit29>
      <Unit30>
        <CursorPos X="1" Y="1"/>
        <Filename Value="tokens.pas"/>
        <TopLine Value="1"/>
        <UnitName Value="tokens"/>
        <UsageCount Value="1"/>
      </Unit30>
      <Unit31>
        <CursorPos X="10" Y="539"/>
        <Filename Value="link.pas"/>
        <TopLine Value="525"/>
        <UnitName Value="link"/>
        <UsageCount Value="2"/>
      </Unit31>
      <Unit32>
        <CursorPos X="3" Y="45"/>
        <Filename Value="/home/neifer/FPC/Demo/src/fpc/rtl/inc/dosh.inc"/>
        <TopLine Value="31"/>
        <UsageCount Value="1"/>
      </Unit32>
      <Unit33>
        <CursorPos X="1" Y="79"/>
        <EditorIndex Value="5"/>
        <Filename Value="comprsrc.pas"/>
        <Loaded Value="True"/>
        <TopLine Value="66"/>
        <UnitName Value="comprsrc"/>
        <UsageCount Value="10"/>
      </Unit33>
      <Unit34>
        <CursorPos X="20" Y="446"/>
        <EditorIndex Value="8"/>
        <Filename Value="systems/t_sunos.pas"/>
        <Loaded Value="True"/>
        <TopLine Value="432"/>
        <UnitName Value="t_sunos"/>
        <UsageCount Value="10"/>
      </Unit34>
      <Unit35>
        <CursorPos X="20" Y="440"/>
        <EditorIndex Value="9"/>
        <Filename Value="systems/t_emx.pas"/>
        <Loaded Value="True"/>
        <TopLine Value="426"/>
        <UnitName Value="t_emx"/>
        <UsageCount Value="10"/>
      </Unit35>
      <Unit36>
        <CursorPos X="20" Y="440"/>
        <EditorIndex Value="10"/>
        <Filename Value="systems/t_os2.pas"/>
        <Loaded Value="True"/>
        <TopLine Value="426"/>
        <UnitName Value="t_os2"/>
        <UsageCount Value="10"/>
      </Unit36>
      <Unit37>
        <CursorPos X="20" Y="1100"/>
        <EditorIndex Value="11"/>
        <Filename Value="systems/t_win32.pas"/>
        <Loaded Value="True"/>
        <TopLine Value="1086"/>
        <UnitName Value="t_win32"/>
        <UsageCount Value="10"/>
      </Unit37>
      <Unit38>
        <CursorPos X="21" Y="510"/>
        <EditorIndex Value="12"/>
        <Filename Value="systems/t_nwm.pas"/>
        <Loaded Value="True"/>
        <TopLine Value="496"/>
        <UnitName Value="t_nwm"/>
        <UsageCount Value="10"/>
      </Unit38>
      <Unit39>
        <CursorPos X="20" Y="215"/>
        <EditorIndex Value="14"/>
        <Filename Value="systems/t_go32v2.pas"/>
        <Loaded Value="True"/>
        <TopLine Value="201"/>
        <UnitName Value="t_go32v2"/>
        <UsageCount Value="10"/>
      </Unit39>
      <Unit40>
        <CursorPos X="20" Y="437"/>
        <EditorIndex Value="15"/>
        <Filename Value="systems/t_beos.pas"/>
        <Loaded Value="True"/>
        <TopLine Value="423"/>
        <UnitName Value="t_beos"/>
        <UsageCount Value="10"/>
      </Unit40>
      <Unit41>
        <CursorPos X="20" Y="137"/>
        <EditorIndex Value="16"/>
        <Filename Value="systems/t_watcom.pas"/>
        <Loaded Value="True"/>
        <TopLine Value="123"/>
        <UnitName Value="t_watcom"/>
        <UsageCount Value="10"/>
      </Unit41>
      <Unit42>
        <CursorPos X="11" Y="137"/>
        <Filename Value="dmisc.pas"/>
        <TopLine Value="123"/>
        <UnitName Value="dmisc"/>
        <UsageCount Value="1"/>
      </Unit42>
      <Unit43>
        <CursorPos X="15" Y="35"/>
        <Filename Value="impdef.pas"/>
        <TopLine Value="24"/>
        <UnitName Value="impdef"/>
        <UsageCount Value="10"/>
      </Unit43>
      <Unit44>
        <CursorPos X="23" Y="90"/>
        <Filename Value="/home/neifer/FPC/Demo/src/fpc/rtl/objpas/sysutils/filutilh.inc"/>
        <TopLine Value="68"/>
        <UsageCount Value="1"/>
      </Unit44>
      <Unit45>
        <CursorPos X="10" Y="28"/>
        <Filename Value="/home/neifer/FPC/Demo/src/fpc/rtl/objpas/sysutils/finah.inc"/>
        <TopLine Value="14"/>
        <UsageCount Value="10"/>
      </Unit45>
      <Unit46>
        <CursorPos X="3" Y="31"/>
        <Filename Value="/home/neifer/FPC/Demo/src/fpc/rtl/objpas/sysutils/fina.inc"/>
        <TopLine Value="28"/>
        <UsageCount Value="10"/>
      </Unit46>
      <Unit47>
        <CursorPos X="1" Y="120"/>
        <Filename Value="/home/neifer/FPC/Demo/src/fpc/rtl/inc/fexpand.inc"/>
        <TopLine Value="323"/>
        <UsageCount Value="10"/>
      </Unit47>
      <Unit48>
        <CursorPos X="30" Y="914"/>
        <Filename Value="x86/nx86add.pas"/>
        <TopLine Value="900"/>
        <UnitName Value="nx86add"/>
        <UsageCount Value="2"/>
      </Unit48>
      <Unit49>
        <CursorPos X="8" Y="36"/>
        <Filename Value="ogbase.pas"/>
        <TopLine Value="19"/>
        <UnitName Value="ogbase"/>
        <UsageCount Value="1"/>
      </Unit49>
      <Unit50>
        <CursorPos X="29" Y="28"/>
        <Filename Value="/home/neifer/FPC/Demo/src/fpc/rtl/macos/dos.pp"/>
        <TopLine Value="17"/>
        <UnitName Value="Dos"/>
        <UsageCount Value="1"/>
      </Unit50>
      <Unit51>
        <CursorPos X="20" Y="551"/>
        <EditorIndex Value="7"/>
        <Filename Value="systems/t_bsd.pas"/>
        <Loaded Value="True"/>
        <TopLine Value="537"/>
        <UnitName Value="t_bsd"/>
        <UsageCount Value="10"/>
      </Unit51>
      <Unit52>
        <CursorPos X="20" Y="553"/>
        <EditorIndex Value="13"/>
        <Filename Value="systems/t_nwl.pas"/>
        <Loaded Value="True"/>
        <TopLine Value="539"/>
        <UnitName Value="t_nwl"/>
        <UsageCount Value="10"/>
      </Unit52>
    </Units>
    <PublishOptions>
      <Version Value="2"/>
      <IgnoreBinaries Value="False"/>
      <IncludeFileFilter Value="*.(pas|pp|inc|lfm|lpr|lrs|lpi|lpk|sh|xml)"/>
      <ExcludeFileFilter Value="*.(bak|ppu|ppw|o|so);*~;backup"/>
    </PublishOptions>
    <RunParams>
      <local>
        <FormatVersion Value="1"/>
        <CommandLineParams Value="-artl -Fu$(FpcDir)/rtl/unix -Fu$(FpcDir)/rtl/linux -Fu$(FpcDir)/rtl/sparc -Fu$(FpcDir)/rtl/inc -Fu$(FpcDir)/rtl/linux/sparc -Fu$(FpcDir)/rtl/objpas -Fu$(FpcDir)/rtl/inc -FD/usr/local/bin/sparc-linux -Fi$(FpcDir)/rtl/unix -Fi$(FpcDir)/rtl/linux -Fi$(FpcDir)/rtl/sparc -Fi$(FpcDir)/rtl/inc -Fi$(FpcDir)/rtl/linux/sparc -Fi$(FpcDir)/rtl/objpas/sysutils -FE$(FpcDir)/tests/test -dSPARC cg/tcnvint2.pp"/>
        <LaunchingApplication PathPlusParams="/usr/X11R6/bin/xterm -T 'Lazarus Run Output' -e $(LazarusDir)/tools/runwait.sh $(TargetCmdLine)"/>
        <WorkingDirectory Value="/home/neifer/FPC/Demo/src/fpc/tests/test/"/>
      </local>
    </RunParams>
  </ProjectOptions>
  <CompilerOptions>
    <Version Value="2"/>
    <SearchPaths>
      <IncludeFiles Value="i386/;../compiler/"/>
      <OtherUnitFiles Value="/tmp/;i386/;x86/;systems/;../compiler/"/>
      <UnitOutputDirectory Value="/tmp"/>
    </SearchPaths>
    <Parsing>
      <Style Value="2"/>
    </Parsing>
    <CodeGeneration>
      <UnitStyle Value="2"/>
      <Generate Value="Faster"/>
      <TargetOS Value="Linux"/>
    </CodeGeneration>
    <Linking>
      <Debugging>
        <GenerateDebugInfo Value="True"/>
        <UseHeaptrc Value="True"/>
      </Debugging>
    </Linking>
    <Other>
      <CustomOptions Value="-dExtDebug -di386 -dGDB -dBROWSERLOG -RATT -dUSE_SYSUTILS"/>
      <CompilerPath Value="$(CompPath)"/>
    </Other>
  </CompilerOptions>
  <Debugging>
    <BreakPoints Count="2">
      <Item1>
        <Source Value="paramgr.pas"/>
        <Line Value="427"/>
      </Item1>
      <Item2>
        <Source Value="cgobj.pas"/>
        <Line Value="640"/>
      </Item2>
    </BreakPoints>
    <Watches Count="4">
      <Item1>
        <Expression Value="lastfileinfo.line"/>
      </Item1>
    </Watches>
  </Debugging>
</CONFIG>
