<?xml version="1.0"?>
<CONFIG>
  <ProjectOptions>
    <Version Value="9"/>
    <PathDelim Value="\"/>
    <General>
      <Flags>
        <MainUnitHasUsesSectionForAllUnits Value="False"/>
        <MainUnitHasCreateFormStatements Value="False"/>
        <MainUnitHasTitleStatement Value="False"/>
        <LRSInOutputDirectory Value="False"/>
      </Flags>
      <SessionStorage Value="InProjectDir"/>
      <MainUnit Value="0"/>
      <Title Value="ppc8086"/>
    </General>
    <BuildModes Count="1">
      <Item1 Name="default" Default="True"/>
    </BuildModes>
    <PublishOptions>
      <Version Value="2"/>
      <IncludeFileFilter Value="*.(pas|pp|inc|lfm|lpr|lrs|lpi|lpk|sh|xml)"/>
      <ExcludeFileFilter Value="*.(bak|ppu|ppw|o|so);*~;backup"/>
    </PublishOptions>
    <RunParams>
      <local>
        <FormatVersion Value="1"/>
        <LaunchingApplication PathPlusParams="\usr\X11R6\bin\xterm -T 'Lazarus Run Output' -e $(LazarusDir)\tools\runwait.sh $(TargetCmdLine)"/>
      </local>
    </RunParams>
    <Units Count="230">
      <Unit0>
        <Filename Value="pp.pas"/>
        <IsPartOfProject Value="True"/>
        <UnitName Value="pp"/>
      </Unit0>
      <Unit1>
        <Filename Value="i8086\cgcpu.pas"/>
        <IsPartOfProject Value="True"/>
        <UnitName Value="cgcpu"/>
      </Unit1>
      <Unit2>
        <Filename Value="i8086\cpubase.inc"/>
        <IsPartOfProject Value="True"/>
      </Unit2>
      <Unit3>
        <Filename Value="i8086\cpuinfo.pas"/>
        <IsPartOfProject Value="True"/>
        <UnitName Value="cpuinfo"/>
      </Unit3>
      <Unit4>
        <Filename Value="i8086\cpunode.pas"/>
        <IsPartOfProject Value="True"/>
        <UnitName Value="cpunode"/>
      </Unit4>
      <Unit5>
        <Filename Value="i8086\cpupara.pas"/>
        <IsPartOfProject Value="True"/>
        <UnitName Value="cpupara"/>
      </Unit5>
      <Unit6>
        <Filename Value="i8086\cpupi.pas"/>
        <IsPartOfProject Value="True"/>
        <UnitName Value="cpupi"/>
      </Unit6>
      <Unit7>
        <Filename Value="i8086\cputarg.pas"/>
        <IsPartOfProject Value="True"/>
        <UnitName Value="cputarg"/>
      </Unit7>
      <Unit8>
        <Filename Value="i8086\hlcgcpu.pas"/>
        <IsPartOfProject Value="True"/>
        <UnitName Value="hlcgcpu"/>
      </Unit8>
      <Unit9>
        <Filename Value="i8086\ra8086att.pas"/>
        <IsPartOfProject Value="True"/>
        <UnitName Value="ra8086att"/>
      </Unit9>
      <Unit10>
        <Filename Value="i8086\ra8086int.pas"/>
        <IsPartOfProject Value="True"/>
        <UnitName Value="ra8086int"/>
      </Unit10>
      <Unit11>
        <Filename Value="i8086\rgcpu.pas"/>
        <IsPartOfProject Value="True"/>
        <UnitName Value="rgcpu"/>
      </Unit11>
      <Unit12>
        <Filename Value="i8086\n8086add.pas"/>
        <IsPartOfProject Value="True"/>
        <UnitName Value="n8086add"/>
      </Unit12>
      <Unit13>
        <Filename Value="i8086\n8086mat.pas"/>
        <IsPartOfProject Value="True"/>
        <UnitName Value="n8086mat"/>
      </Unit13>
      <Unit14>
        <Filename Value="i8086\n8086inl.pas"/>
        <IsPartOfProject Value="True"/>
        <UnitName Value="n8086inl"/>
      </Unit14>
      <Unit15>
        <Filename Value="i8086\n8086cal.pas"/>
        <IsPartOfProject Value="True"/>
        <UnitName Value="n8086cal"/>
      </Unit15>
      <Unit16>
        <Filename Value="x86\cgx86.pas"/>
        <IsPartOfProject Value="True"/>
        <UnitName Value="cgx86"/>
      </Unit16>
      <Unit17>
        <Filename Value="x86\agx86nsm.pas"/>
        <IsPartOfProject Value="True"/>
        <UnitName Value="agx86nsm"/>
      </Unit17>
      <Unit18>
        <Filename Value="x86\nx86set.pas"/>
        <IsPartOfProject Value="True"/>
        <UnitName Value="nx86set"/>
      </Unit18>
      <Unit19>
        <Filename Value="x86\nx86add.pas"/>
        <IsPartOfProject Value="True"/>
        <UnitName Value="nx86add"/>
      </Unit19>
      <Unit20>
        <Filename Value="x86\nx86cnv.pas"/>
        <IsPartOfProject Value="True"/>
        <UnitName Value="nx86cnv"/>
      </Unit20>
      <Unit21>
        <Filename Value="x86\cpubase.pas"/>
        <IsPartOfProject Value="True"/>
        <UnitName Value="cpubase"/>
      </Unit21>
      <Unit22>
        <Filename Value="x86\nx86mem.pas"/>
        <IsPartOfProject Value="True"/>
        <UnitName Value="nx86mem"/>
      </Unit22>
      <Unit23>
        <Filename Value="x86\nx86inl.pas"/>
        <IsPartOfProject Value="True"/>
        <UnitName Value="nx86inl"/>
      </Unit23>
      <Unit24>
        <Filename Value="x86\nx86cal.pas"/>
        <IsPartOfProject Value="True"/>
        <UnitName Value="nx86cal"/>
      </Unit24>
      <Unit25>
        <Filename Value="x86\rgx86.pas"/>
        <IsPartOfProject Value="True"/>
        <UnitName Value="rgx86"/>
      </Unit25>
      <Unit26>
        <Filename Value="x86\agx86att.pas"/>
        <IsPartOfProject Value="True"/>
        <UnitName Value="agx86att"/>
      </Unit26>
      <Unit27>
        <Filename Value="i8086\n8086con.pas"/>
        <IsPartOfProject Value="True"/>
        <UnitName Value="n8086con"/>
      </Unit27>
      <Unit28>
        <Filename Value="x86\nx86con.pas"/>
        <IsPartOfProject Value="True"/>
        <UnitName Value="nx86con"/>
      </Unit28>
      <Unit29>
        <Filename Value="x86\aasmcpu.pas"/>
        <IsPartOfProject Value="True"/>
      </Unit29>
      <Unit30>
        <Filename Value="x86\agx86int.pas"/>
        <IsPartOfProject Value="True"/>
        <UnitName Value="agx86int"/>
      </Unit30>
      <Unit31>
        <Filename Value="x86\cga.pas"/>
        <IsPartOfProject Value="True"/>
      </Unit31>
      <Unit32>
        <Filename Value="x86\hlcgx86.pas"/>
        <IsPartOfProject Value="True"/>
        <UnitName Value="hlcgx86"/>
      </Unit32>
      <Unit33>
        <Filename Value="x86\itcpugas.pas"/>
        <IsPartOfProject Value="True"/>
      </Unit33>
      <Unit34>
        <Filename Value="x86\itx86int.pas"/>
        <IsPartOfProject Value="True"/>
      </Unit34>
      <Unit35>
        <Filename Value="x86\nx86mat.pas"/>
        <IsPartOfProject Value="True"/>
      </Unit35>
      <Unit36>
        <Filename Value="x86\rax86.pas"/>
        <IsPartOfProject Value="True"/>
      </Unit36>
      <Unit37>
        <Filename Value="x86\rax86att.pas"/>
        <IsPartOfProject Value="True"/>
      </Unit37>
      <Unit38>
        <Filename Value="x86\rax86int.pas"/>
        <IsPartOfProject Value="True"/>
      </Unit38>
      <Unit39>
        <Filename Value="i8086\n8086cnv.pas"/>
        <IsPartOfProject Value="True"/>
        <UnitName Value="n8086cnv"/>
      </Unit39>
      <Unit40>
        <Filename Value="systems\i_msdos.pas"/>
        <IsPartOfProject Value="True"/>
        <UnitName Value="i_msdos"/>
      </Unit40>
      <Unit41>
        <Filename Value="systems\t_msdos.pas"/>
        <IsPartOfProject Value="True"/>
        <UnitName Value="t_msdos"/>
      </Unit41>
      <Unit42>
        <Filename Value="i8086\n8086mem.pas"/>
        <IsPartOfProject Value="True"/>
        <UnitName Value="n8086mem"/>
      </Unit42>
      <Unit43>
        <Filename Value="cgobj.pas"/>
        <IsPartOfProject Value="True"/>
        <UnitName Value="cgobj"/>
      </Unit43>
      <Unit44>
        <Filename Value="globals.pas"/>
        <IsPartOfProject Value="True"/>
        <UnitName Value="globals"/>
      </Unit44>
      <Unit45>
        <Filename Value="scandir.pas"/>
        <IsPartOfProject Value="True"/>
        <UnitName Value="scandir"/>
      </Unit45>
      <Unit46>
        <Filename Value="ncginl.pas"/>
        <IsPartOfProject Value="True"/>
        <UnitName Value="ncginl"/>
      </Unit46>
      <Unit47>
        <Filename Value="ninl.pas"/>
        <IsPartOfProject Value="True"/>
        <UnitName Value="ninl"/>
      </Unit47>
      <Unit48>
        <Filename Value="pdecsub.pas"/>
        <IsPartOfProject Value="True"/>
        <UnitName Value="pdecsub"/>
      </Unit48>
      <Unit49>
        <Filename Value="ncgcal.pas"/>
        <IsPartOfProject Value="True"/>
        <UnitName Value="ncgcal"/>
      </Unit49>
      <Unit50>
        <Filename Value="hlcg2ll.pas"/>
        <IsPartOfProject Value="True"/>
        <UnitName Value="hlcg2ll"/>
      </Unit50>
      <Unit51>
        <Filename Value="ncgadd.pas"/>
        <IsPartOfProject Value="True"/>
        <UnitName Value="ncgadd"/>
      </Unit51>
      <Unit52>
        <Filename Value="nadd.pas"/>
        <IsPartOfProject Value="True"/>
        <UnitName Value="nadd"/>
      </Unit52>
      <Unit53>
        <Filename Value="defutil.pas"/>
        <IsPartOfProject Value="True"/>
        <UnitName Value="defutil"/>
      </Unit53>
      <Unit54>
        <Filename Value="constexp.pas"/>
        <IsPartOfProject Value="True"/>
        <UnitName Value="constexp"/>
      </Unit54>
      <Unit55>
        <Filename Value="hlcgobj.pas"/>
        <IsPartOfProject Value="True"/>
        <UnitName Value="hlcgobj"/>
      </Unit55>
      <Unit56>
        <Filename Value="ncgmem.pas"/>
        <IsPartOfProject Value="True"/>
        <UnitName Value="ncgmem"/>
      </Unit56>
      <Unit57>
        <Filename Value="cgutils.pas"/>
        <IsPartOfProject Value="True"/>
        <UnitName Value="cgutils"/>
      </Unit57>
      <Unit58>
        <Filename Value="cutils.pas"/>
        <IsPartOfProject Value="True"/>
        <UnitName Value="cutils"/>
      </Unit58>
      <Unit59>
        <Filename Value="options.pas"/>
        <IsPartOfProject Value="True"/>
        <UnitName Value="options"/>
      </Unit59>
      <Unit60>
        <Filename Value="globtype.pas"/>
        <IsPartOfProject Value="True"/>
        <UnitName Value="globtype"/>
      </Unit60>
      <Unit61>
        <Filename Value="ncnv.pas"/>
        <IsPartOfProject Value="True"/>
        <UnitName Value="ncnv"/>
      </Unit61>
      <Unit62>
        <Filename Value="psub.pas"/>
        <IsPartOfProject Value="True"/>
        <UnitName Value="psub"/>
      </Unit62>
      <Unit63>
        <Filename Value="ngenutil.pas"/>
        <IsPartOfProject Value="True"/>
        <UnitName Value="ngenutil"/>
      </Unit63>
      <Unit64>
        <Filename Value="pinline.pas"/>
        <IsPartOfProject Value="True"/>
        <UnitName Value="pinline"/>
      </Unit64>
      <Unit65>
        <Filename Value="pmodules.pas"/>
        <IsPartOfProject Value="True"/>
        <UnitName Value="pmodules"/>
      </Unit65>
      <Unit66>
        <Filename Value="aasmtai.pas"/>
        <IsPartOfProject Value="True"/>
        <UnitName Value="aasmtai"/>
      </Unit66>
      <Unit67>
        <Filename Value="dbgdwarf.pas"/>
        <IsPartOfProject Value="True"/>
        <UnitName Value="dbgdwarf"/>
      </Unit67>
      <Unit68>
        <Filename Value="symdef.pas"/>
        <IsPartOfProject Value="True"/>
        <UnitName Value="symdef"/>
      </Unit68>
      <Unit69>
        <Filename Value="ogcoff.pas"/>
        <IsPartOfProject Value="True"/>
        <UnitName Value="ogcoff"/>
      </Unit69>
      <Unit70>
        <Filename Value="psystem.pas"/>
        <IsPartOfProject Value="True"/>
        <UnitName Value="psystem"/>
      </Unit70>
      <Unit71>
        <Filename Value="symconst.pas"/>
        <IsPartOfProject Value="True"/>
        <UnitName Value="symconst"/>
      </Unit71>
      <Unit72>
        <Filename Value="paramgr.pas"/>
        <IsPartOfProject Value="True"/>
        <UnitName Value="paramgr"/>
      </Unit72>
      <Unit73>
        <Filename Value="ncgld.pas"/>
        <IsPartOfProject Value="True"/>
        <UnitName Value="ncgld"/>
      </Unit73>
      <Unit74>
        <Filename Value="pparautl.pas"/>
        <IsPartOfProject Value="True"/>
        <UnitName Value="pparautl"/>
      </Unit74>
      <Unit75>
        <Filename Value="ncgutil.pas"/>
        <IsPartOfProject Value="True"/>
        <UnitName Value="ncgutil"/>
      </Unit75>
      <Unit76>
        <Filename Value="ncgnstmm.pas"/>
        <IsPartOfProject Value="True"/>
        <UnitName Value="ncgnstmm"/>
      </Unit76>
      <Unit77>
        <Filename Value="nld.pas"/>
        <IsPartOfProject Value="True"/>
        <UnitName Value="nld"/>
      </Unit77>
      <Unit78>
        <Filename Value="nmem.pas"/>
        <IsPartOfProject Value="True"/>
        <UnitName Value="nmem"/>
      </Unit78>
      <Unit79>
        <Filename Value="ncal.pas"/>
        <IsPartOfProject Value="True"/>
        <UnitName Value="ncal"/>
      </Unit79>
      <Unit80>
        <Filename Value="symtype.pas"/>
        <IsPartOfProject Value="True"/>
        <UnitName Value="symtype"/>
      </Unit80>
      <Unit81>
        <Filename Value="symsym.pas"/>
        <IsPartOfProject Value="True"/>
        <UnitName Value="symsym"/>
      </Unit81>
      <Unit82>
        <Filename Value="symbase.pas"/>
        <IsPartOfProject Value="True"/>
        <UnitName Value="symbase"/>
      </Unit82>
      <Unit83>
        <Filename Value="nflw.pas"/>
        <IsPartOfProject Value="True"/>
        <UnitName Value="nflw"/>
      </Unit83>
      <Unit84>
        <Filename Value="scanner.pas"/>
        <IsPartOfProject Value="True"/>
        <UnitName Value="scanner"/>
      </Unit84>
      <Unit85>
        <Filename Value="ncon.pas"/>
        <IsPartOfProject Value="True"/>
        <UnitName Value="ncon"/>
      </Unit85>
      <Unit86>
        <Filename Value="rgobj.pas"/>
        <IsPartOfProject Value="True"/>
        <UnitName Value="rgobj"/>
      </Unit86>
      <Unit87>
        <Filename Value="defcmp.pas"/>
        <IsPartOfProject Value="True"/>
        <UnitName Value="defcmp"/>
      </Unit87>
      <Unit88>
        <Filename Value="fpcdefs.inc"/>
        <IsPartOfProject Value="True"/>
      </Unit88>
      <Unit89>
        <Filename Value="nmat.pas"/>
        <IsPartOfProject Value="True"/>
        <UnitName Value="nmat"/>
      </Unit89>
      <Unit90>
        <Filename Value="optdfa.pas"/>
        <IsPartOfProject Value="True"/>
        <UnitName Value="optdfa"/>
      </Unit90>
      <Unit91>
        <Filename Value="parabase.pas"/>
        <IsPartOfProject Value="True"/>
        <UnitName Value="parabase"/>
      </Unit91>
      <Unit92>
        <Filename Value="cgbase.pas"/>
        <IsPartOfProject Value="True"/>
        <UnitName Value="cgbase"/>
      </Unit92>
      <Unit93>
        <Filename Value="ncgcnv.pas"/>
        <IsPartOfProject Value="True"/>
        <UnitName Value="ncgcnv"/>
      </Unit93>
      <Unit94>
        <Filename Value="ncgcon.pas"/>
        <IsPartOfProject Value="True"/>
        <UnitName Value="ncgcon"/>
      </Unit94>
      <Unit95>
        <Filename Value="nset.pas"/>
        <IsPartOfProject Value="True"/>
        <UnitName Value="nset"/>
      </Unit95>
      <Unit96>
        <Filename Value="optloop.pas"/>
        <IsPartOfProject Value="True"/>
        <UnitName Value="optloop"/>
      </Unit96>
      <Unit97>
        <Filename Value="aasmbase.pas"/>
        <IsPartOfProject Value="True"/>
        <UnitName Value="aasmbase"/>
      </Unit97>
      <Unit98>
        <Filename Value="aasmdata.pas"/>
        <IsPartOfProject Value="True"/>
        <UnitName Value="aasmdata"/>
      </Unit98>
      <Unit99>
        <Filename Value="aasmsym.pas"/>
        <IsPartOfProject Value="True"/>
      </Unit99>
      <Unit100>
        <Filename Value="aggas.pas"/>
        <IsPartOfProject Value="True"/>
        <UnitName Value="aggas"/>
      </Unit100>
      <Unit101>
        <Filename Value="agjasmin.pas"/>
        <IsPartOfProject Value="True"/>
      </Unit101>
      <Unit102>
        <Filename Value="aopt.pas"/>
        <IsPartOfProject Value="True"/>
      </Unit102>
      <Unit103>
        <Filename Value="aoptbase.pas"/>
        <IsPartOfProject Value="True"/>
      </Unit103>
      <Unit104>
        <Filename Value="aoptcs.pas"/>
        <IsPartOfProject Value="True"/>
      </Unit104>
      <Unit105>
        <Filename Value="aoptda.pas"/>
        <IsPartOfProject Value="True"/>
      </Unit105>
      <Unit106>
        <Filename Value="aoptobj.pas"/>
        <IsPartOfProject Value="True"/>
      </Unit106>
      <Unit107>
        <Filename Value="asmutils.pas"/>
        <IsPartOfProject Value="True"/>
      </Unit107>
      <Unit108>
        <Filename Value="assemble.pas"/>
        <IsPartOfProject Value="True"/>
      </Unit108>
      <Unit109>
        <Filename Value="browcol.pas"/>
        <IsPartOfProject Value="True"/>
      </Unit109>
      <Unit110>
        <Filename Value="catch.pas"/>
        <IsPartOfProject Value="True"/>
      </Unit110>
      <Unit111>
        <Filename Value="ccharset.pas"/>
        <IsPartOfProject Value="True"/>
      </Unit111>
      <Unit112>
        <Filename Value="cclasses.pas"/>
        <IsPartOfProject Value="True"/>
      </Unit112>
      <Unit113>
        <Filename Value="cfidwarf.pas"/>
        <IsPartOfProject Value="True"/>
      </Unit113>
      <Unit114>
        <Filename Value="cfileutl.pas"/>
        <IsPartOfProject Value="True"/>
      </Unit114>
      <Unit115>
        <Filename Value="cg64f32.pas"/>
        <IsPartOfProject Value="True"/>
        <UnitName Value="cg64f32"/>
      </Unit115>
      <Unit116>
        <Filename Value="cghlcpu.pas"/>
        <IsPartOfProject Value="True"/>
      </Unit116>
      <Unit117>
        <Filename Value="cmsgs.pas"/>
        <IsPartOfProject Value="True"/>
      </Unit117>
      <Unit118>
        <Filename Value="comphook.pas"/>
        <IsPartOfProject Value="True"/>
      </Unit118>
      <Unit119>
        <Filename Value="compiler.pas"/>
        <IsPartOfProject Value="True"/>
      </Unit119>
      <Unit120>
        <Filename Value="compinnr.inc"/>
        <IsPartOfProject Value="True"/>
      </Unit120>
      <Unit121>
        <Filename Value="comprsrc.pas"/>
        <IsPartOfProject Value="True"/>
      </Unit121>
      <Unit122>
        <Filename Value="cpid.pas"/>
        <IsPartOfProject Value="True"/>
      </Unit122>
      <Unit123>
        <Filename Value="crefs.pas"/>
        <IsPartOfProject Value="True"/>
      </Unit123>
      <Unit124>
        <Filename Value="cresstr.pas"/>
        <IsPartOfProject Value="True"/>
        <UnitName Value="cresstr"/>
      </Unit124>
      <Unit125>
        <Filename Value="cstreams.pas"/>
        <IsPartOfProject Value="True"/>
      </Unit125>
      <Unit126>
        <Filename Value="cwindirs.pp"/>
        <IsPartOfProject Value="True"/>
      </Unit126>
      <Unit127>
        <Filename Value="dbgbase.pas"/>
        <IsPartOfProject Value="True"/>
      </Unit127>
      <Unit128>
        <Filename Value="dbgstabs.pas"/>
        <IsPartOfProject Value="True"/>
      </Unit128>
      <Unit129>
        <Filename Value="dbgstabx.pas"/>
        <IsPartOfProject Value="True"/>
      </Unit129>
      <Unit130>
        <Filename Value="dirparse.pas"/>
        <IsPartOfProject Value="True"/>
      </Unit130>
      <Unit131>
        <Filename Value="elfbase.pas"/>
        <IsPartOfProject Value="True"/>
      </Unit131>
      <Unit132>
        <Filename Value="export.pas"/>
        <IsPartOfProject Value="True"/>
      </Unit132>
      <Unit133>
        <Filename Value="expunix.pas"/>
        <IsPartOfProject Value="True"/>
      </Unit133>
      <Unit134>
        <Filename Value="finput.pas"/>
        <IsPartOfProject Value="True"/>
      </Unit134>
      <Unit135>
        <Filename Value="fmodule.pas"/>
        <IsPartOfProject Value="True"/>
      </Unit135>
      <Unit136>
        <Filename Value="fpccrc.pas"/>
        <IsPartOfProject Value="True"/>
      </Unit136>
      <Unit137>
        <Filename Value="fppu.pas"/>
        <IsPartOfProject Value="True"/>
        <UnitName Value="fppu"/>
      </Unit137>
      <Unit138>
        <Filename Value="gendef.pas"/>
        <IsPartOfProject Value="True"/>
        <UnitName Value="gendef"/>
      </Unit138>
      <Unit139>
        <Filename Value="globstat.pas"/>
        <IsPartOfProject Value="True"/>
      </Unit139>
      <Unit140>
        <Filename Value="htypechk.pas"/>
        <IsPartOfProject Value="True"/>
        <UnitName Value="htypechk"/>
      </Unit140>
      <Unit141>
        <Filename Value="impdef.pas"/>
        <IsPartOfProject Value="True"/>
      </Unit141>
      <Unit142>
        <Filename Value="import.pas"/>
        <IsPartOfProject Value="True"/>
      </Unit142>
      <Unit143>
        <Filename Value="ldscript.pas"/>
        <IsPartOfProject Value="True"/>
      </Unit143>
      <Unit144>
        <Filename Value="link.pas"/>
        <IsPartOfProject Value="True"/>
      </Unit144>
      <Unit145>
        <Filename Value="macho.pas"/>
        <IsPartOfProject Value="True"/>
      </Unit145>
      <Unit146>
        <Filename Value="machoutils.pas"/>
        <IsPartOfProject Value="True"/>
      </Unit146>
      <Unit147>
        <Filename Value="nbas.pas"/>
        <IsPartOfProject Value="True"/>
        <UnitName Value="nbas"/>
      </Unit147>
      <Unit148>
        <Filename Value="ncgbas.pas"/>
        <IsPartOfProject Value="True"/>
      </Unit148>
      <Unit149>
        <Filename Value="ncgflw.pas"/>
        <IsPartOfProject Value="True"/>
        <UnitName Value="ncgflw"/>
      </Unit149>
      <Unit150>
        <Filename Value="ncgmat.pas"/>
        <IsPartOfProject Value="True"/>
      </Unit150>
      <Unit151>
        <Filename Value="ncgnstld.pas"/>
        <IsPartOfProject Value="True"/>
      </Unit151>
      <Unit152>
        <Filename Value="ncgobjc.pas"/>
        <IsPartOfProject Value="True"/>
      </Unit152>
      <Unit153>
        <Filename Value="ncgopt.pas"/>
        <IsPartOfProject Value="True"/>
      </Unit153>
      <Unit154>
        <Filename Value="ncgrtti.pas"/>
        <IsPartOfProject Value="True"/>
      </Unit154>
      <Unit155>
        <Filename Value="ncgset.pas"/>
        <IsPartOfProject Value="True"/>
      </Unit155>
      <Unit156>
        <Filename Value="ncgvmt.pas"/>
        <IsPartOfProject Value="True"/>
      </Unit156>
      <Unit157>
        <Filename Value="ngtcon.pas"/>
        <IsPartOfProject Value="True"/>
        <UnitName Value="ngtcon"/>
      </Unit157>
      <Unit158>
        <Filename Value="nobj.pas"/>
        <IsPartOfProject Value="True"/>
      </Unit158>
      <Unit159>
        <Filename Value="nobjc.pas"/>
        <IsPartOfProject Value="True"/>
      </Unit159>
      <Unit160>
        <Filename Value="node.pas"/>
        <IsPartOfProject Value="True"/>
        <UnitName Value="node"/>
      </Unit160>
      <Unit161>
        <Filename Value="nopt.pas"/>
        <IsPartOfProject Value="True"/>
      </Unit161>
      <Unit162>
        <Filename Value="nstate.pas"/>
        <IsPartOfProject Value="True"/>
      </Unit162>
      <Unit163>
        <Filename Value="nutils.pas"/>
        <IsPartOfProject Value="True"/>
      </Unit163>
      <Unit164>
        <Filename Value="objcdef.pas"/>
        <IsPartOfProject Value="True"/>
      </Unit164>
      <Unit165>
        <Filename Value="objcgutl.pas"/>
        <IsPartOfProject Value="True"/>
      </Unit165>
      <Unit166>
        <Filename Value="objcutil.pas"/>
        <IsPartOfProject Value="True"/>
      </Unit166>
      <Unit167>
        <Filename Value="ogbase.pas"/>
        <IsPartOfProject Value="True"/>
        <UnitName Value="ogbase"/>
      </Unit167>
      <Unit168>
        <Filename Value="ogelf.pas"/>
        <IsPartOfProject Value="True"/>
        <UnitName Value="ogelf"/>
      </Unit168>
      <Unit169>
        <Filename Value="oglx.pas"/>
        <IsPartOfProject Value="True"/>
      </Unit169>
      <Unit170>
        <Filename Value="ogmacho.pas"/>
        <IsPartOfProject Value="True"/>
      </Unit170>
      <Unit171>
        <Filename Value="ogmap.pas"/>
        <IsPartOfProject Value="True"/>
      </Unit171>
      <Unit172>
        <Filename Value="ognlm.pas"/>
        <IsPartOfProject Value="True"/>
      </Unit172>
      <Unit173>
        <Filename Value="optbase.pas"/>
        <IsPartOfProject Value="True"/>
      </Unit173>
      <Unit174>
        <Filename Value="optconstprop.pas"/>
        <IsPartOfProject Value="True"/>
      </Unit174>
      <Unit175>
        <Filename Value="optcse.pas"/>
        <IsPartOfProject Value="True"/>
      </Unit175>
      <Unit176>
        <Filename Value="optdead.pas"/>
        <IsPartOfProject Value="True"/>
      </Unit176>
      <Unit177>
        <Filename Value="optdeadstore.pas"/>
        <IsPartOfProject Value="True"/>
      </Unit177>
      <Unit178>
        <Filename Value="opttail.pas"/>
        <IsPartOfProject Value="True"/>
      </Unit178>
      <Unit179>
        <Filename Value="optutils.pas"/>
        <IsPartOfProject Value="True"/>
      </Unit179>
      <Unit180>
        <Filename Value="optvirt.pas"/>
        <IsPartOfProject Value="True"/>
      </Unit180>
      <Unit181>
        <Filename Value="owar.pas"/>
        <IsPartOfProject Value="True"/>
      </Unit181>
      <Unit182>
        <Filename Value="owbase.pas"/>
        <IsPartOfProject Value="True"/>
      </Unit182>
      <Unit183>
        <Filename Value="parser.pas"/>
        <IsPartOfProject Value="True"/>
      </Unit183>
      <Unit184>
        <Filename Value="pass_1.pas"/>
        <IsPartOfProject Value="True"/>
      </Unit184>
      <Unit185>
        <Filename Value="pass_2.pas"/>
        <IsPartOfProject Value="True"/>
      </Unit185>
      <Unit186>
        <Filename Value="pbase.pas"/>
        <IsPartOfProject Value="True"/>
      </Unit186>
      <Unit187>
        <Filename Value="pdecl.pas"/>
        <IsPartOfProject Value="True"/>
      </Unit187>
      <Unit188>
        <Filename Value="pdecobj.pas"/>
        <IsPartOfProject Value="True"/>
        <UnitName Value="pdecobj"/>
      </Unit188>
      <Unit189>
        <Filename Value="pdecvar.pas"/>
        <IsPartOfProject Value="True"/>
      </Unit189>
      <Unit190>
        <Filename Value="pexports.pas"/>
        <IsPartOfProject Value="True"/>
      </Unit190>
      <Unit191>
        <Filename Value="pexpr.pas"/>
        <IsPartOfProject Value="True"/>
      </Unit191>
      <Unit192>
        <Filename Value="pgenutil.pas"/>
        <IsPartOfProject Value="True"/>
      </Unit192>
      <Unit193>
        <Filename Value="ppheap.pas"/>
        <IsPartOfProject Value="True"/>
      </Unit193>
      <Unit194>
        <Filename Value="ppu.pas"/>
        <IsPartOfProject Value="True"/>
        <UnitName Value="ppu"/>
      </Unit194>
      <Unit195>
        <Filename Value="procinfo.pas"/>
        <IsPartOfProject Value="True"/>
        <UnitName Value="procinfo"/>
      </Unit195>
      <Unit196>
        <Filename Value="pstatmnt.pas"/>
        <IsPartOfProject Value="True"/>
        <UnitName Value="pstatmnt"/>
      </Unit196>
      <Unit197>
        <Filename Value="ptconst.pas"/>
        <IsPartOfProject Value="True"/>
      </Unit197>
      <Unit198>
        <Filename Value="ptype.pas"/>
        <IsPartOfProject Value="True"/>
      </Unit198>
      <Unit199>
        <Filename Value="raatt.pas"/>
        <IsPartOfProject Value="True"/>
      </Unit199>
      <Unit200>
        <Filename Value="rabase.pas"/>
        <IsPartOfProject Value="True"/>
      </Unit200>
      <Unit201>
        <Filename Value="rasm.pas"/>
        <IsPartOfProject Value="True"/>
      </Unit201>
      <Unit202>
        <Filename Value="rautils.pas"/>
        <IsPartOfProject Value="True"/>
      </Unit202>
      <Unit203>
        <Filename Value="regvars.pas"/>
        <IsPartOfProject Value="True"/>
      </Unit203>
      <Unit204>
        <Filename Value="rescmn.pas"/>
        <IsPartOfProject Value="True"/>
      </Unit204>
      <Unit205>
        <Filename Value="rgbase.pas"/>
        <IsPartOfProject Value="True"/>
      </Unit205>
      <Unit206>
        <Filename Value="script.pas"/>
        <IsPartOfProject Value="True"/>
      </Unit206>
      <Unit207>
        <Filename Value="switches.pas"/>
        <IsPartOfProject Value="True"/>
      </Unit207>
      <Unit208>
        <Filename Value="symcreat.pas"/>
        <IsPartOfProject Value="True"/>
      </Unit208>
      <Unit209>
        <Filename Value="symnot.pas"/>
        <IsPartOfProject Value="True"/>
      </Unit209>
      <Unit210>
        <Filename Value="symtable.pas"/>
        <IsPartOfProject Value="True"/>
      </Unit210>
      <Unit211>
        <Filename Value="symutil.pas"/>
        <IsPartOfProject Value="True"/>
      </Unit211>
      <Unit212>
        <Filename Value="systems.inc"/>
        <IsPartOfProject Value="True"/>
      </Unit212>
      <Unit213>
        <Filename Value="systems.pas"/>
        <IsPartOfProject Value="True"/>
      </Unit213>
      <Unit214>
        <Filename Value="tgobj.pas"/>
        <IsPartOfProject Value="True"/>
        <UnitName Value="tgobj"/>
      </Unit214>
      <Unit215>
        <Filename Value="tokens.pas"/>
        <IsPartOfProject Value="True"/>
      </Unit215>
      <Unit216>
        <Filename Value="verbose.pas"/>
        <IsPartOfProject Value="True"/>
      </Unit216>
      <Unit217>
        <Filename Value="version.pas"/>
        <IsPartOfProject Value="True"/>
      </Unit217>
      <Unit218>
        <Filename Value="widestr.pas"/>
        <IsPartOfProject Value="True"/>
      </Unit218>
      <Unit219>
        <Filename Value="wpo.pas"/>
        <IsPartOfProject Value="True"/>
      </Unit219>
      <Unit220>
        <Filename Value="wpobase.pas"/>
        <IsPartOfProject Value="True"/>
      </Unit220>
      <Unit221>
        <Filename Value="wpoinfo.pas"/>
        <IsPartOfProject Value="True"/>
      </Unit221>
      <Unit222>
        <Filename Value="i8086\n8086ld.pas"/>
        <IsPartOfProject Value="True"/>
        <UnitName Value="n8086ld"/>
      </Unit222>
      <Unit223>
        <Filename Value="i8086\symcpu.pas"/>
        <IsPartOfProject Value="True"/>
        <UnitName Value="symcpu"/>
      </Unit223>
      <Unit224>
        <Filename Value="x86\ni86mem.pas"/>
        <IsPartOfProject Value="True"/>
        <UnitName Value="ni86mem"/>
      </Unit224>
      <Unit225>
        <Filename Value="x86\symi86.pas"/>
        <IsPartOfProject Value="True"/>
        <UnitName Value="symi86"/>
      </Unit225>
      <Unit226>
        <Filename Value="x86\symx86.pas"/>
        <IsPartOfProject Value="True"/>
        <UnitName Value="symx86"/>
      </Unit226>
      <Unit227>
        <Filename Value="i8086\n8086tcon.pas"/>
        <IsPartOfProject Value="True"/>
        <UnitName Value="n8086tcon"/>
      </Unit227>
      <Unit228>
        <Filename Value="i8086\tgcpu.pas"/>
        <IsPartOfProject Value="True"/>
        <UnitName Value="tgcpu"/>
      </Unit228>
      <Unit229>
        <Filename Value="i8086\n8086util.pas"/>
        <IsPartOfProject Value="True"/>
        <UnitName Value="n8086util"/>
      </Unit229>
    </Units>
  </ProjectOptions>
  <CompilerOptions>
    <Version Value="11"/>
    <PathDelim Value="\"/>
    <Target>
      <Filename Value="i8086\pp"/>
    </Target>
    <SearchPaths>
      <IncludeFiles Value="i8086;x86"/>
      <OtherUnitFiles Value="i8086;x86;systems"/>
      <UnitOutputDirectory Value="i8086\lazbuild"/>
    </SearchPaths>
    <Parsing>
      <SyntaxOptions>
        <CStyleOperator Value="False"/>
        <AllowLabel Value="False"/>
        <CPPInline Value="False"/>
        <UseAnsiStrings Value="False"/>
      </SyntaxOptions>
    </Parsing>
    <CodeGeneration>
      <Optimizations>
        <OptimizationLevel Value="0"/>
      </Optimizations>
    </CodeGeneration>
    <Other>
      <Verbosity>
        <ShowWarn Value="False"/>
        <ShowNotes Value="False"/>
        <ShowHints Value="False"/>
      </Verbosity>
      <ConfigFile>
        <StopAfterErrCount Value="50"/>
      </ConfigFile>
      <CustomOptions Value="-di8086 -dEXTDEBUG -gl"/>
      <CompilerPath Value="$(CompPath)"/>
    </Other>
  </CompilerOptions>
</CONFIG>
