<?xml version="1.0" encoding="UTF-8"?>
<CONFIG>
  <ProjectOptions>
    <Version Value="9"/>
    <PathDelim Value="\"/>
    <General>
      <Flags>
        <MainUnitHasUsesSectionForAllUnits Value="False"/>
        <MainUnitHasCreateFormStatements Value="False"/>
        <MainUnitHasTitleStatement Value="False"/>
        <LRSInOutputDirectory Value="False"/>
      </Flags>
      <SessionStorage Value="InProjectDir"/>
      <MainUnit Value="0"/>
      <Title Value="ppc8086"/>
    </General>
    <BuildModes Count="1">
      <Item1 Name="default" Default="True"/>
    </BuildModes>
    <PublishOptions>
      <Version Value="2"/>
      <IncludeFileFilter Value="*.(pas|pp|inc|lfm|lpr|lrs|lpi|lpk|sh|xml)"/>
      <ExcludeFileFilter Value="*.(bak|ppu|ppw|o|so);*~;backup"/>
    </PublishOptions>
    <RunParams>
      <local>
        <FormatVersion Value="1"/>
        <LaunchingApplication PathPlusParams="\usr\X11R6\bin\xterm -T 'Lazarus Run Output' -e $(LazarusDir)\tools\runwait.sh $(TargetCmdLine)"/>
      </local>
    </RunParams>
    <Units Count="43">
      <Unit0>
        <Filename Value="pp.pas"/>
        <IsPartOfProject Value="True"/>
        <UnitName Value="pp"/>
      </Unit0>
      <Unit1>
        <Filename Value="i8086\cgcpu.pas"/>
        <IsPartOfProject Value="True"/>
        <UnitName Value="cgcpu"/>
      </Unit1>
      <Unit2>
        <Filename Value="i8086\cpubase.inc"/>
        <IsPartOfProject Value="True"/>
      </Unit2>
      <Unit3>
        <Filename Value="i8086\cpuinfo.pas"/>
        <IsPartOfProject Value="True"/>
        <UnitName Value="cpuinfo"/>
      </Unit3>
      <Unit4>
        <Filename Value="i8086\cpunode.pas"/>
        <IsPartOfProject Value="True"/>
        <UnitName Value="cpunode"/>
      </Unit4>
      <Unit5>
        <Filename Value="i8086\cpupara.pas"/>
        <IsPartOfProject Value="True"/>
        <UnitName Value="cpupara"/>
      </Unit5>
      <Unit6>
        <Filename Value="i8086\cpupi.pas"/>
        <IsPartOfProject Value="True"/>
        <UnitName Value="cpupi"/>
      </Unit6>
      <Unit7>
        <Filename Value="i8086\cputarg.pas"/>
        <IsPartOfProject Value="True"/>
        <UnitName Value="cputarg"/>
      </Unit7>
      <Unit8>
        <Filename Value="i8086\hlcgcpu.pas"/>
        <IsPartOfProject Value="True"/>
        <UnitName Value="hlcgcpu"/>
      </Unit8>
      <Unit9>
        <Filename Value="i8086\ra8086att.pas"/>
        <IsPartOfProject Value="True"/>
        <UnitName Value="ra8086att"/>
      </Unit9>
      <Unit10>
        <Filename Value="i8086\ra8086int.pas"/>
        <IsPartOfProject Value="True"/>
        <UnitName Value="ra8086int"/>
      </Unit10>
      <Unit11>
        <Filename Value="i8086\rgcpu.pas"/>
        <IsPartOfProject Value="True"/>
        <UnitName Value="rgcpu"/>
      </Unit11>
      <Unit12>
        <Filename Value="i8086\n8086add.pas"/>
        <IsPartOfProject Value="True"/>
        <UnitName Value="n8086add"/>
      </Unit12>
      <Unit13>
        <Filename Value="i8086\n8086mat.pas"/>
        <IsPartOfProject Value="True"/>
        <UnitName Value="n8086mat"/>
      </Unit13>
      <Unit14>
        <Filename Value="i8086\n8086inl.pas"/>
        <IsPartOfProject Value="True"/>
        <UnitName Value="n8086inl"/>
      </Unit14>
      <Unit15>
        <Filename Value="i8086\n8086cal.pas"/>
        <IsPartOfProject Value="True"/>
        <UnitName Value="n8086cal"/>
      </Unit15>
      <Unit16>
        <Filename Value="x86\cgx86.pas"/>
        <IsPartOfProject Value="True"/>
        <UnitName Value="cgx86"/>
      </Unit16>
      <Unit17>
        <Filename Value="x86\agx86nsm.pas"/>
        <IsPartOfProject Value="True"/>
        <UnitName Value="agx86nsm"/>
      </Unit17>
      <Unit18>
        <Filename Value="x86\nx86set.pas"/>
        <IsPartOfProject Value="True"/>
        <UnitName Value="nx86set"/>
      </Unit18>
      <Unit19>
        <Filename Value="x86\nx86add.pas"/>
        <IsPartOfProject Value="True"/>
        <UnitName Value="nx86add"/>
      </Unit19>
      <Unit20>
        <Filename Value="x86\nx86cnv.pas"/>
        <IsPartOfProject Value="True"/>
        <UnitName Value="nx86cnv"/>
      </Unit20>
      <Unit21>
        <Filename Value="x86\cpubase.pas"/>
        <IsPartOfProject Value="True"/>
        <UnitName Value="cpubase"/>
      </Unit21>
      <Unit22>
        <Filename Value="x86\nx86mem.pas"/>
        <IsPartOfProject Value="True"/>
        <UnitName Value="nx86mem"/>
      </Unit22>
      <Unit23>
        <Filename Value="x86\nx86inl.pas"/>
        <IsPartOfProject Value="True"/>
        <UnitName Value="nx86inl"/>
      </Unit23>
      <Unit24>
        <Filename Value="x86\nx86cal.pas"/>
        <IsPartOfProject Value="True"/>
        <UnitName Value="nx86cal"/>
      </Unit24>
      <Unit25>
        <Filename Value="x86\rgx86.pas"/>
        <IsPartOfProject Value="True"/>
        <UnitName Value="rgx86"/>
      </Unit25>
      <Unit26>
        <Filename Value="x86\agx86att.pas"/>
        <IsPartOfProject Value="True"/>
        <UnitName Value="agx86att"/>
      </Unit26>
      <Unit27>
        <Filename Value="i8086\n8086con.pas"/>
        <IsPartOfProject Value="True"/>
        <UnitName Value="n8086con"/>
      </Unit27>
      <Unit28>
        <Filename Value="x86\nx86con.pas"/>
        <IsPartOfProject Value="True"/>
        <UnitName Value="nx86con"/>
      </Unit28>
      <Unit29>
        <Filename Value="x86\aasmcpu.pas"/>
        <IsPartOfProject Value="True"/>
      </Unit29>
      <Unit30>
        <Filename Value="x86\agx86int.pas"/>
        <IsPartOfProject Value="True"/>
      </Unit30>
      <Unit31>
        <Filename Value="x86\cga.pas"/>
        <IsPartOfProject Value="True"/>
      </Unit31>
      <Unit32>
        <Filename Value="x86\hlcgx86.pas"/>
        <IsPartOfProject Value="True"/>
        <UnitName Value="hlcgx86"/>
      </Unit32>
      <Unit33>
        <Filename Value="x86\itcpugas.pas"/>
        <IsPartOfProject Value="True"/>
      </Unit33>
      <Unit34>
        <Filename Value="x86\itx86int.pas"/>
        <IsPartOfProject Value="True"/>
      </Unit34>
      <Unit35>
        <Filename Value="x86\nx86mat.pas"/>
        <IsPartOfProject Value="True"/>
      </Unit35>
      <Unit36>
        <Filename Value="x86\rax86.pas"/>
        <IsPartOfProject Value="True"/>
      </Unit36>
      <Unit37>
        <Filename Value="x86\rax86att.pas"/>
        <IsPartOfProject Value="True"/>
      </Unit37>
      <Unit38>
        <Filename Value="x86\rax86int.pas"/>
        <IsPartOfProject Value="True"/>
      </Unit38>
      <Unit39>
        <Filename Value="i8086\n8086cnv.pas"/>
        <IsPartOfProject Value="True"/>
        <UnitName Value="n8086cnv"/>
      </Unit39>
      <Unit40>
        <Filename Value="systems\i_msdos.pas"/>
        <IsPartOfProject Value="True"/>
        <UnitName Value="i_msdos"/>
      </Unit40>
      <Unit41>
        <Filename Value="systems\t_msdos.pas"/>
        <IsPartOfProject Value="True"/>
        <UnitName Value="t_msdos"/>
      </Unit41>
      <Unit42>
        <Filename Value="i8086\n8086mem.pas"/>
        <IsPartOfProject Value="True"/>
      </Unit42>
    </Units>
  </ProjectOptions>
  <CompilerOptions>
    <Version Value="11"/>
    <PathDelim Value="\"/>
    <Target>
      <Filename Value="i8086\pp"/>
    </Target>
    <SearchPaths>
      <IncludeFiles Value="i8086;x86"/>
      <OtherUnitFiles Value="i8086;x86;systems"/>
      <UnitOutputDirectory Value="i8086\lazbuild"/>
    </SearchPaths>
    <Parsing>
      <SyntaxOptions>
        <CStyleOperator Value="False"/>
        <AllowLabel Value="False"/>
        <CPPInline Value="False"/>
        <UseAnsiStrings Value="False"/>
      </SyntaxOptions>
    </Parsing>
    <CodeGeneration>
      <Optimizations>
        <OptimizationLevel Value="0"/>
      </Optimizations>
    </CodeGeneration>
    <Other>
      <Verbosity>
        <ShowWarn Value="False"/>
        <ShowNotes Value="False"/>
        <ShowHints Value="False"/>
      </Verbosity>
      <ConfigFile>
        <StopAfterErrCount Value="50"/>
      </ConfigFile>
      <CustomOptions Value="-di8086 -dEXTDEBUG -gl"/>
      <CompilerPath Value="$(CompPath)"/>
    </Other>
  </CompilerOptions>
</CONFIG>
