<?xml version="1.0"?>
<CONFIG>
  <ProjectOptions>
    <PathDelim Value="\"/>
    <Version Value="6"/>
    <General>
      <SessionStorage Value="InIDEConfig"/>
      <MainUnit Value="0"/>
      <IconPath Value=".\"/>
      <TargetFileExt Value=""/>
      <Title Value="Test classes"/>
    </General>
    <VersionInfo>
      <ProjectVersion Value=""/>
    </VersionInfo>
    <PublishOptions>
      <Version Value="2"/>
      <DestinationDirectory Value="$(TestDir)\publishedproject\"/>
      <IgnoreBinaries Value="False"/>
      <IncludeFileFilter Value="*.(pas|pp|inc|lfm|lpr|lrs|lpi|lpk|sh|xml)"/>
      <ExcludeFileFilter Value="*.(bak|ppu|ppw|o|so);*~;backup"/>
    </PublishOptions>
    <RunParams>
      <local>
        <FormatVersion Value="1"/>
        <CommandLineParams Value="--format=plain --suite=TTestTStringList"/>
        <LaunchingApplication PathPlusParams="\usr\X11R6\bin\xterm -T 'Lazarus Run Output' -e $(LazarusDir)\tools\runwait.sh $(TargetCmdLine)"/>
      </local>
    </RunParams>
    <RequiredPackages Count="2">
      <Item1>
        <PackageName Value="FCL"/>
      </Item1>
      <Item2>
        <PackageName Value="FPCUnitConsoleRunner"/>
      </Item2>
    </RequiredPackages>
    <Units Count="14">
      <Unit0>
        <Filename Value="testclasses.lpr"/>
        <IsPartOfProject Value="True"/>
        <UnitName Value="testclasses"/>
      </Unit0>
      <Unit1>
        <Filename Value="tcfindnested.pp"/>
        <IsPartOfProject Value="True"/>
        <UnitName Value="tcfindnested"/>
      </Unit1>
      <Unit2>
        <Filename Value="tcstringlist.pp"/>
        <IsPartOfProject Value="True"/>
        <UnitName Value="tcstringlist"/>
      </Unit2>
      <Unit3>
        <Filename Value="tccollection.pp"/>
        <IsPartOfProject Value="True"/>
        <UnitName Value="tccollection"/>
      </Unit3>
      <Unit4>
        <Filename Value="tclist.pp"/>
        <IsPartOfProject Value="True"/>
        <UnitName Value="tclist"/>
      </Unit4>
      <Unit5>
        <Filename Value="tcpersistent.pp"/>
        <IsPartOfProject Value="True"/>
        <UnitName Value="tcpersistent"/>
      </Unit5>
      <Unit6>
        <Filename Value="tclinkedlist.pp"/>
        <IsPartOfProject Value="True"/>
        <UnitName Value="tclinkedlist"/>
      </Unit6>
      <Unit7>
        <Filename Value="tccomponent.pp"/>
        <IsPartOfProject Value="True"/>
        <UnitName Value="tccomponent"/>
      </Unit7>
      <Unit8>
        <Filename Value="tcstreaming.pp"/>
        <IsPartOfProject Value="True"/>
        <UnitName Value="tcstreaming"/>
      </Unit8>
      <Unit9>
        <Filename Value="testcomps.inc"/>
        <IsPartOfProject Value="True"/>
      </Unit9>
      <Unit10>
        <Filename Value="tccompstreaming.pp"/>
        <IsPartOfProject Value="True"/>
        <UnitName Value="tccompstreaming"/>
      </Unit10>
      <Unit11>
        <Filename Value="tcresref.pp"/>
        <IsPartOfProject Value="True"/>
        <UnitName Value="tcresref"/>
      </Unit11>
      <Unit12>
        <Filename Value="sllist.inc"/>
        <IsPartOfProject Value="True"/>
      </Unit12>
      <Unit13>
        <Filename Value="resref.inc"/>
        <IsPartOfProject Value="True"/>
      </Unit13>
    </Units>
  </ProjectOptions>
  <CompilerOptions>
    <Version Value="5"/>
    <PathDelim Value="\"/>
    <CodeGeneration>
      <Generate Value="Faster"/>
    </CodeGeneration>
    <Other>
      <CompilerPath Value="$(CompPath)"/>
    </Other>
  </CompilerOptions>
</CONFIG>
